
Microsoft Visual Studio Solution File, Format Version 12.00
# Visual Studio Version 17
VisualStudioVersion = 17.4.33213.308
MinimumVisualStudioVersion = 10.0.40219.1
Project("{9A19103F-16F7-4668-BE54-9A1E7A4F7556}") = "LessonRegistration", "LessonRegistration\LessonRegistration.csproj", "{44E6845B-6B7E-431B-91D4-7F3CB62F08D9}"
EndProject
Project("{FAE04EC0-301F-11D3-BF4B-00C04F79EFBC}") = "Infrostracture", "Infostracture\Infrostracture.csproj", "{B78E0722-DA0A-49A4-B307-39F859BA21C2}"
EndProject
Global
	GlobalSection(SolutionConfigurationPlatforms) = preSolution
		Debug|Any CPU = Debug|Any CPU
		Release|Any CPU = Release|Any CPU
	EndGlobalSection
	GlobalSection(ProjectConfigurationPlatforms) = postSolution
		{44E6845B-6B7E-431B-91D4-7F3CB62F08D9}.Debug|Any CPU.ActiveCfg = Debug|Any CPU
		{44E6845B-6B7E-431B-91D4-7F3CB62F08D9}.Debug|Any CPU.Build.0 = Debug|Any CPU
		{44E6845B-6B7E-431B-91D4-7F3CB62F08D9}.Release|Any CPU.ActiveCfg = Release|Any CPU
		{44E6845B-6B7E-431B-91D4-7F3CB62F08D9}.Release|Any CPU.Build.0 = Release|Any CPU
		{B78E0722-DA0A-49A4-B307-39F859BA21C2}.Debug|Any CPU.ActiveCfg = Debug|Any CPU
		{B78E0722-DA0A-49A4-B307-39F859BA21C2}.Debug|Any CPU.Build.0 = Debug|Any CPU
		{B78E0722-DA0A-49A4-B307-39F859BA21C2}.Release|Any CPU.ActiveCfg = Release|Any CPU
		{B78E0722-DA0A-49A4-B307-39F859BA21C2}.Release|Any CPU.Build.0 = Release|Any CPU
	EndGlobalSection
	GlobalSection(SolutionProperties) = preSolution
		HideSolutionNode = FALSE
	EndGlobalSection
	GlobalSection(ExtensibilityGlobals) = postSolution
		SolutionGuid = {B8D26A09-A0AE-4AFA-9377-83560F5E8172}
	EndGlobalSection
EndGlobal
